
Microsoft Visual Studio Solution File, Format Version 12.00
# Visual Studio Version 17
VisualStudioVersion = 17.8.34525.116
MinimumVisualStudioVersion = 10.0.40219.1
Project("{FAE04EC0-301F-11D3-BF4B-00C04F79EFBC}") = "findNumber", "findNumber\findNumber.csproj", "{976EF742-2073-4D4D-AC95-E43149B89104}"
EndProject
Global
	GlobalSection(SolutionConfigurationPlatforms) = preSolution
		Debug|Any CPU = Debug|Any CPU
		Release|Any CPU = Release|Any CPU
	EndGlobalSection
	GlobalSection(ProjectConfigurationPlatforms) = postSolution
		{976EF742-2073-4D4D-AC95-E43149B89104}.Debug|Any CPU.ActiveCfg = Debug|Any CPU
		{976EF742-2073-4D4D-AC95-E43149B89104}.Debug|Any CPU.Build.0 = Debug|Any CPU
		{976EF742-2073-4D4D-AC95-E43149B89104}.Release|Any CPU.ActiveCfg = Release|Any CPU
		{976EF742-2073-4D4D-AC95-E43149B89104}.Release|Any CPU.Build.0 = Release|Any CPU
	EndGlobalSection
	GlobalSection(SolutionProperties) = preSolution
		HideSolutionNode = FALSE
	EndGlobalSection
	GlobalSection(ExtensibilityGlobals) = postSolution
		SolutionGuid = {579C17CE-034A-4CCA-8D2A-34F07D9A8374}
	EndGlobalSection
EndGlobal
